
Microsoft Visual Studio Solution File, Format Version 12.00
# Visual Studio 14
VisualStudioVersion = 14.0.25420.1
MinimumVisualStudioVersion = 10.0.40219.1
Project("{2150E333-8FDC-42A3-9474-1A3956D46DE8}") = "src", "src", "{8AB626C6-DAC8-4499-9386-C92C87B1F15B}"
EndProject
Project("{2150E333-8FDC-42A3-9474-1A3956D46DE8}") = "Solution Items", "Solution Items", "{651835CC-2896-4E7A-BB32-F04084AB7903}"
	ProjectSection(SolutionItems) = preProject
		global.json = global.json
		GovILApi.sln.DotSettings = GovILApi.sln.DotSettings
		postman.png = postman.png
	EndProjectSection
EndProject
Project("{8BB2217D-0F2D-49D1-97BC-3654ED321F3B}") = "GovILApi", "src\GovILApi\GovILApi.xproj", "{CC5A7274-89DE-4ECA-822F-328CE575977B}"
EndProject
Global
	GlobalSection(SolutionConfigurationPlatforms) = preSolution
		Debug|Any CPU = Debug|Any CPU
		Release|Any CPU = Release|Any CPU
	EndGlobalSection
	GlobalSection(ProjectConfigurationPlatforms) = postSolution
		{CC5A7274-89DE-4ECA-822F-328CE575977B}.Debug|Any CPU.ActiveCfg = Debug|Any CPU
		{CC5A7274-89DE-4ECA-822F-328CE575977B}.Debug|Any CPU.Build.0 = Debug|Any CPU
		{CC5A7274-89DE-4ECA-822F-328CE575977B}.Release|Any CPU.ActiveCfg = Release|Any CPU
		{CC5A7274-89DE-4ECA-822F-328CE575977B}.Release|Any CPU.Build.0 = Release|Any CPU
	EndGlobalSection
	GlobalSection(SolutionProperties) = preSolution
		HideSolutionNode = FALSE
	EndGlobalSection
	GlobalSection(NestedProjects) = preSolution
		{CC5A7274-89DE-4ECA-822F-328CE575977B} = {8AB626C6-DAC8-4499-9386-C92C87B1F15B}
	EndGlobalSection
	GlobalSection(TeamFoundationVersionControl) = preSolution
		SccNumberOfProjects = 2
		SccEnterpriseProvider = {4CA58AB2-18FA-4F8D-95D4-32DDF27D184C}
		SccTeamFoundationServer = http://calm:8080/tfs/digitalruralprojects
		SccLocalPath0 = .
		SccProjectUniqueName1 = src\\GovILApi\\GovILApi.xproj
		SccProjectTopLevelParentUniqueName1 = GovILApi.sln
		SccProjectName1 = src/GovILApi
		SccLocalPath1 = src\\GovILApi
	EndGlobalSection
EndGlobal
